{
  "requires": true,
  "lockfileVersion": 1,
  "dependencies": {
    "cohesion": {
      "version": "0.3.0",
      "resolved": "https://registry.npmjs.org/cohesion/-/cohesion-0.3.0.tgz",
      "integrity": "sha1-1AZz/BlGbbM2g/9CktC38DApAZw=",
      "requires": {
        "drip": "1.1.0",
        "sherlock": "1.1.0"
      },
      "dependencies": {
        "drip": {
          "version": "1.1.0",
          "resolved": "https://registry.npmjs.org/drip/-/drip-1.1.0.tgz",
          "integrity": "sha1-zO+x5obYb8EVtwyewSb4+HG9/X4=",
          "requires": {
            "tea-concat": "0.1.0"
          }
        }
      }
    },
    "drip": {
      "version": "1.4.0",
      "resolved": "https://registry.npmjs.org/drip/-/drip-1.4.0.tgz",
      "integrity": "sha1-JDhhZq2QrsZ9aYYaGAieET7fJgI=",
      "requires": {
        "tea-concat": "0.1.0"
      }
    },
    "electron": {
      "version": "0.4.1",
      "resolved": "http://registry.npmjs.org/electron/-/electron-0.4.1.tgz",
      "integrity": "sha1-p4oFGniC9OVC1uIH2KGnMHazAUQ=",
      "requires": {
        "drip": "1.1.0"
      },
      "dependencies": {
        "drip": {
          "version": "1.1.0",
          "resolved": "https://registry.npmjs.org/drip/-/drip-1.1.0.tgz",
          "integrity": "sha1-zO+x5obYb8EVtwyewSb4+HG9/X4=",
          "requires": {
            "tea-concat": "0.1.0"
          }
        }
      }
    },
    "fsagent": {
      "version": "0.3.0",
      "resolved": "https://registry.npmjs.org/fsagent/-/fsagent-0.3.0.tgz",
      "integrity": "sha1-rkxv7NnYqpHq9d6ynvhEjj4RB4A="
    },
    "harbor": {
      "version": "0.2.0",
      "resolved": "https://registry.npmjs.org/harbor/-/harbor-0.2.0.tgz",
      "integrity": "sha1-d0d0xDGrJpXBQutR55s9N6tVXJE="
    },
    "sherlock": {
      "version": "1.1.0",
      "resolved": "https://registry.npmjs.org/sherlock/-/sherlock-1.1.0.tgz",
      "integrity": "sha1-apHIRFETxmrzjgRoO05mGTttMKk="
    },
    "tea-concat": {
      "version": "0.1.0",
      "resolved": "https://registry.npmjs.org/tea-concat/-/tea-concat-0.1.0.tgz",
      "integrity": "sha1-6i6QdAD914pjNM4CD6PGlQLZnoQ="
    }
  }
}
